lockfileVersion: '9.0'

settings:
  autoInstallPeers: true
  excludeLinksFromLockfile: false

importers:

  .:
    dependencies:
      lucide-react:
        specifier: ^1.40.0
        version: 1.40.0(react@19.2.8)

packages:

  lucide-react@1.40.0:
    resolution: {integrity: sha512-MaG+8WnOXkDWz9XeElj7TnQ890tTZUB0a36i03aRRCKGWE6e7jJpmdCvtxxuxcjjdqyN6m4sL6qlHVuSUDtYgg==}
    peerDependencies:
      react: ^16.5.1 || ^17.0.0 || ^18.0.0 || ^19.0.0

  react@19.2.8:
    resolution: {integrity: sha512-PWaYA1L/q9u2u7xYQi+Y3L3Yfnie7XyLeaJICV1MGD6LprsBxcAqGjYyr0eY3p+QdsA+x/Irkt4Qif8D63+Sbw==}
    engines: {node: '>=0.10.0'}

snapshots:

  lucide-react@1.40.0(react@19.2.8):
    dependencies:
      react: 19.2.8

  react@19.2.8: {}
